// !$*UTF8*$!
{
	archiveVersion = 1;
	classes = {
	};
	objectVersion = 46;
	objects = {

/* Begin PBXBuildFile section */
		0895A1700CB8D521668F80CE /* Pods_Chatty.framework in Frameworks */ = {isa = PBXBuildFile; fileRef = F734B39810B6EF4E20809192 /* Pods_Chatty.framework */; };
		E30718A11E600843004B3A8E /* MessageCell.swift in Sources */ = {isa = PBXBuildFile; fileRef = E30718A01E600843004B3A8E /* MessageCell.swift */; };
		E34859DE1E5FEA8100AE75D1 /* LoginViewController.swift in Sources */ = {isa = PBXBuildFile; fileRef = E34859DD1E5FEA8100AE75D1 /* LoginViewController.swift */; };
		E34859E21E5FF4C100AE75D1 /* ChatViewController.swift in Sources */ = {isa = PBXBuildFile; fileRef = E34859E11E5FF4C100AE75D1 /* ChatViewController.swift */; };
		E38286251E5EEC8700EFE222 /* AppDelegate.swift in Sources */ = {isa = PBXBuildFile; fileRef = E38286241E5EEC8700EFE222 /* AppDelegate.swift */; };
		E38286271E5EEC8700EFE222 /* ViewController.swift in Sources */ = {isa = PBXBuildFile; fileRef = E38286261E5EEC8700EFE222 /* ViewController.swift */; };
		E382862A1E5EEC8700EFE222 /* Main.storyboard in Resources */ = {isa = PBXBuildFile; fileRef = E38286281E5EEC8700EFE222 /* Main.storyboard */; };
		E382862C1E5EEC8700EFE222 /* Assets.xcassets in Resources */ = {isa = PBXBuildFile; fileRef = E382862B1E5EEC8700EFE222 /* Assets.xcassets */; };
		E382862F1E5EEC8700EFE222 /* LaunchScreen.storyboard in Resources */ = {isa = PBXBuildFile; fileRef = E382862D1E5EEC8700EFE222 /* LaunchScreen.storyboard */; };
/* End PBXBuildFile section */

/* Begin PBXFileReference section */
		9FBBE6C8092E2A2C85C8020E /* Pods-Chatty.debug.xcconfig */ = {isa = PBXFileReference; includeInIndex = 1; lastKnownFileType = text.xcconfig; name = "Pods-Chatty.debug.xcconfig"; path = "Pods/Target Support Files/Pods-Chatty/Pods-Chatty.debug.xcconfig"; sourceTree = "<group>"; };
		A9744CDA06D206D9D9C3A59F /* Pods-Chatty.release.xcconfig */ = {isa = PBXFileReference; includeInIndex = 1; lastKnownFileType = text.xcconfig; name = "Pods-Chatty.release.xcconfig"; path = "Pods/Target Support Files/Pods-Chatty/Pods-Chatty.release.xcconfig"; sourceTree = "<group>"; };
		E30718A01E600843004B3A8E /* MessageCell.swift */ = {isa = PBXFileReference; fileEncoding = 4; lastKnownFileType = sourcecode.swift; path = MessageCell.swift; sourceTree = "<group>"; };
		E34859DD1E5FEA8100AE75D1 /* LoginViewController.swift */ = {isa = PBXFileReference; fileEncoding = 4; lastKnownFileType = sourcecode.swift; path = LoginViewController.swift; sourceTree = "<group>"; };
		E34859E11E5FF4C100AE75D1 /* ChatViewController.swift */ = {isa = PBXFileReference; fileEncoding = 4; lastKnownFileType = sourcecode.swift; path = ChatViewController.swift; sourceTree = "<group>"; };
		E38286211E5EEC8700EFE222 /* Chatty.app */ = {isa = PBXFileReference; explicitFileType = wrapper.application; includeInIndex = 0; path = Chatty.app; sourceTree = BUILT_PRODUCTS_DIR; };
		E38286241E5EEC8700EFE222 /* AppDelegate.swift */ = {isa = PBXFileReference; lastKnownFileType = sourcecode.swift; path = AppDelegate.swift; sourceTree = "<group>"; };
		E38286261E5EEC8700EFE222 /* ViewController.swift */ = {isa = PBXFileReference; lastKnownFileType = sourcecode.swift; path = ViewController.swift; sourceTree = "<group>"; };
		E38286291E5EEC8700EFE222 /* Base */ = {isa = PBXFileReference; lastKnownFileType = file.storyboard; name = Base; path = Base.lproj/Main.storyboard; sourceTree = "<group>"; };
		E382862B1E5EEC8700EFE222 /* Assets.xcassets */ = {isa = PBXFileReference; lastKnownFileType = folder.assetcatalog; path = Assets.xcassets; sourceTree = "<group>"; };
		E382862E1E5EEC8700EFE222 /* Base */ = {isa = PBXFileReference; lastKnownFileType = file.storyboard; name = Base; path = Base.lproj/LaunchScreen.storyboard; sourceTree = "<group>"; };
		E38286301E5EEC8700EFE222 /* Info.plist */ = {isa = PBXFileReference; lastKnownFileType = text.plist.xml; path = Info.plist; sourceTree = "<group>"; };
		F734B39810B6EF4E20809192 /* Pods_Chatty.framework */ = {isa = PBXFileReference; explicitFileType = wrapper.framework; includeInIndex = 0; path = Pods_Chatty.framework; sourceTree = BUILT_PRODUCTS_DIR; };
/* End PBXFileReference section */

/* Begin PBXFrameworksBuildPhase section */
		E382861E1E5EEC8700EFE222 /* Frameworks */ = {
			isa = PBXFrameworksBuildPhase;
			buildActionMask = 2147483647;
			files = (
				0895A1700CB8D521668F80CE /* Pods_Chatty.framework in Frameworks */,
			);
			runOnlyForDeploymentPostprocessing = 0;
		};
/* End PBXFrameworksBuildPhase section */

/* Begin PBXGroup section */
		4E49A151C910F17A94CDDF75 /* Frameworks */ = {
			isa = PBXGroup;
			children = (
				F734B39810B6EF4E20809192 /* Pods_Chatty.framework */,
			);
			name = Frameworks;
			sourceTree = "<group>";
		};
		8D74095CD91BB410FE04E3B9 /* Pods */ = {
			isa = PBXGroup;
			children = (
				9FBBE6C8092E2A2C85C8020E /* Pods-Chatty.debug.xcconfig */,
				A9744CDA06D206D9D9C3A59F /* Pods-Chatty.release.xcconfig */,
			);
			name = Pods;
			sourceTree = "<group>";
		};
		E34859DC1E5FEA3700AE75D1 /* Modules */ = {
			isa = PBXGroup;
			children = (
			);
			name = Modules;
			sourceTree = "<group>";
		};
		E34859E41E5FF4CF00AE75D1 /* View Controllers */ = {
			isa = PBXGroup;
			children = (
				E34859E11E5FF4C100AE75D1 /* ChatViewController.swift */,
				E34859DD1E5FEA8100AE75D1 /* LoginViewController.swift */,
			);
			name = "View Controllers";
			sourceTree = "<group>";
		};
		E38286181E5EEC8700EFE222 = {
			isa = PBXGroup;
			children = (
				E38286231E5EEC8700EFE222 /* Chatty */,
				E38286221E5EEC8700EFE222 /* Products */,
				8D74095CD91BB410FE04E3B9 /* Pods */,
				4E49A151C910F17A94CDDF75 /* Frameworks */,
			);
			sourceTree = "<group>";
		};
		E38286221E5EEC8700EFE222 /* Products */ = {
			isa = PBXGroup;
			children = (
				E38286211E5EEC8700EFE222 /* Chatty.app */,
			);
			name = Products;
			sourceTree = "<group>";
		};
		E38286231E5EEC8700EFE222 /* Chatty */ = {
			isa = PBXGroup;
			children = (
				E34859E41E5FF4CF00AE75D1 /* View Controllers */,
				E34859DC1E5FEA3700AE75D1 /* Modules */,
				E38286241E5EEC8700EFE222 /* AppDelegate.swift */,
				E38286261E5EEC8700EFE222 /* ViewController.swift */,
				E38286281E5EEC8700EFE222 /* Main.storyboard */,
				E30718A01E600843004B3A8E /* MessageCell.swift */,
				E382862B1E5EEC8700EFE222 /* Assets.xcassets */,
				E382862D1E5EEC8700EFE222 /* LaunchScreen.storyboard */,
				E38286301E5EEC8700EFE222 /* Info.plist */,
			);
			path = Chatty;
			sourceTree = "<group>";
		};
/* End PBXGroup section */

/* Begin PBXNativeTarget section */
		E38286201E5EEC8700EFE222 /* Chatty */ = {
			isa = PBXNativeTarget;
			buildConfigurationList = E38286331E5EEC8700EFE222 /* Build configuration list for PBXNativeTarget "Chatty" */;
			buildPhases = (
				5ED40083E40E66602BEBE5A5 /* [CP] Check Pods Manifest.lock */,
				E382861D1E5EEC8700EFE222 /* Sources */,
				E382861E1E5EEC8700EFE222 /* Frameworks */,
				E382861F1E5EEC8700EFE222 /* Resources */,
				DC9FA30B43B0758B8CDF1001 /* [CP] Embed Pods Frameworks */,
				35E0AF83A16AC1C6C305E834 /* [CP] Copy Pods Resources */,
			);
			buildRules = (
			);
			dependencies = (
			);
			name = Chatty;
			productName = Chatty;
			productReference = E38286211E5EEC8700EFE222 /* Chatty.app */;
			productType = "com.apple.product-type.application";
		};
/* End PBXNativeTarget section */

/* Begin PBXProject section */
		E38286191E5EEC8700EFE222 /* Project object */ = {
			isa = PBXProject;
			attributes = {
				LastSwiftUpdateCheck = 0820;
				LastUpgradeCheck = 0820;
				ORGANIZATIONNAME = "Cong Tam Quang Hoang";
				TargetAttributes = {
					E38286201E5EEC8700EFE222 = {
						CreatedOnToolsVersion = 8.2.1;
						ProvisioningStyle = Automatic;
					};
				};
			};
			buildConfigurationList = E382861C1E5EEC8700EFE222 /* Build configuration list for PBXProject "Chatty" */;
			compatibilityVersion = "Xcode 3.2";
			developmentRegion = English;
			hasScannedForEncodings = 0;
			knownRegions = (
				en,
				Base,
			);
			mainGroup = E38286181E5EEC8700EFE222;
			productRefGroup = E38286221E5EEC8700EFE222 /* Products */;
			projectDirPath = "";
			projectRoot = "";
			targets = (
				E38286201E5EEC8700EFE222 /* Chatty */,
			);
		};
/* End PBXProject section */

/* Begin PBXResourcesBuildPhase section */
		E382861F1E5EEC8700EFE222 /* Resources */ = {
			isa = PBXResourcesBuildPhase;
			buildActionMask = 2147483647;
			files = (
				E382862F1E5EEC8700EFE222 /* LaunchScreen.storyboard in Resources */,
				E382862C1E5EEC8700EFE222 /* Assets.xcassets in Resources */,
				E382862A1E5EEC8700EFE222 /* Main.storyboard in Resources */,
			);
			runOnlyForDeploymentPostprocessing = 0;
		};
/* End PBXResourcesBuildPhase section */

/* Begin PBXShellScriptBuildPhase section */
		35E0AF83A16AC1C6C305E834 /* [CP] Copy Pods Resources */ = {
			isa = PBXShellScriptBuildPhase;
			buildActionMask = 2147483647;
			files = (
			);
			inputPaths = (
			);
			name = "[CP] Copy Pods Resources";
			outputPaths = (
			);
			runOnlyForDeploymentPostprocessing = 0;
			shellPath = /bin/sh;
			shellScript = "\"${SRCROOT}/Pods/Target Support Files/Pods-Chatty/Pods-Chatty-resources.sh\"\n";
			showEnvVarsInLog = 0;
		};
		5ED40083E40E66602BEBE5A5 /* [CP] Check Pods Manifest.lock */ = {
			isa = PBXShellScriptBuildPhase;
			buildActionMask = 2147483647;
			files = (
			);
			inputPaths = (
			);
			name = "[CP] Check Pods Manifest.lock";
			outputPaths = (
			);
			runOnlyForDeploymentPostprocessing = 0;
			shellPath = /bin/sh;
			shellScript = "diff \"${PODS_ROOT}/../Podfile.lock\" \"${PODS_ROOT}/Manifest.lock\" > /dev/null\nif [ $? != 0 ] ; then\n    # print error to STDERR\n    echo \"error: The sandbox is not in sync with the Podfile.lock. Run 'pod install' or update your CocoaPods installation.\" >&2\n    exit 1\nfi\n";
			showEnvVarsInLog = 0;
		};
		DC9FA30B43B0758B8CDF1001 /* [CP] Embed Pods Frameworks */ = {
			isa = PBXShellScriptBuildPhase;
			buildActionMask = 2147483647;
			files = (
			);
			inputPaths = (
			);
			name = "[CP] Embed Pods Frameworks";
			outputPaths = (
			);
			runOnlyForDeploymentPostprocessing = 0;
			shellPath = /bin/sh;
			shellScript = "\"${SRCROOT}/Pods/Target Support Files/Pods-Chatty/Pods-Chatty-frameworks.sh\"\n";
			showEnvVarsInLog = 0;
		};
/* End PBXShellScriptBuildPhase section */

/* Begin PBXSourcesBuildPhase section */
		E382861D1E5EEC8700EFE222 /* Sources */ = {
			isa = PBXSourcesBuildPhase;
			buildActionMask = 2147483647;
			files = (
				E34859DE1E5FEA8100AE75D1 /* LoginViewController.swift in Sources */,
				E30718A11E600843004B3A8E /* MessageCell.swift in Sources */,
				E38286271E5EEC8700EFE222 /* ViewController.swift in Sources */,
				E34859E21E5FF4C100AE75D1 /* ChatViewController.swift in Sources */,
				E38286251E5EEC8700EFE222 /* AppDelegate.swift in Sources */,
			);
			runOnlyForDeploymentPostprocessing = 0;
		};
/* End PBXSourcesBuildPhase section */

/* Begin PBXVariantGroup section */
		E38286281E5EEC8700EFE222 /* Main.storyboard */ = {
			isa = PBXVariantGroup;
			children = (
				E38286291E5EEC8700EFE222 /* Base */,
			);
			name = Main.storyboard;
			sourceTree = "<group>";
		};
		E382862D1E5EEC8700EFE222 /* LaunchScreen.storyboard */ = {
			isa = PBXVariantGroup;
			children = (
				E382862E1E5EEC8700EFE222 /* Base */,
			);
			name = LaunchScreen.storyboard;
			sourceTree = "<group>";
		};
/* End PBXVariantGroup section */

/* Begin XCBuildConfiguration section */
		E38286311E5EEC8700EFE222 /* Debug */ = {
			isa = XCBuildConfiguration;
			buildSettings = {
				ALWAYS_SEARCH_USER_PATHS = NO;
				CLANG_ANALYZER_NONNULL = YES;
				CLANG_CXX_LANGUAGE_STANDARD = "gnu++0x";
				CLANG_CXX_LIBRARY = "libc++";
				CLANG_ENABLE_MODULES = YES;
				CLANG_ENABLE_OBJC_ARC = YES;
				CLANG_WARN_BOOL_CONVERSION = YES;
				CLANG_WARN_CONSTANT_CONVERSION = YES;
				CLANG_WARN_DIRECT_OBJC_ISA_USAGE = YES_ERROR;
				CLANG_WARN_DOCUMENTATION_COMMENTS = YES;
				CLANG_WARN_EMPTY_BODY = YES;
				CLANG_WARN_ENUM_CONVERSION = YES;
				CLANG_WARN_INFINITE_RECURSION = YES;
				CLANG_WARN_INT_CONVERSION = YES;
				CLANG_WARN_OBJC_ROOT_CLASS = YES_ERROR;
				CLANG_WARN_SUSPICIOUS_MOVE = YES;
				CLANG_WARN_UNREACHABLE_CODE = YES;
				CLANG_WARN__DUPLICATE_METHOD_MATCH = YES;
				"CODE_SIGN_IDENTITY[sdk=iphoneos*]" = "iPhone Developer";
				COPY_PHASE_STRIP = NO;
				DEBUG_INFORMATION_FORMAT = dwarf;
				ENABLE_STRICT_OBJC_MSGSEND = YES;
				ENABLE_TESTABILITY = YES;
				GCC_C_LANGUAGE_STANDARD = gnu99;
				GCC_DYNAMIC_NO_PIC = NO;
				GCC_NO_COMMON_BLOCKS = YES;
				GCC_OPTIMIZATION_LEVEL = 0;
				GCC_PREPROCESSOR_DEFINITIONS = (
					"DEBUG=1",
					"$(inherited)",
				);
				GCC_WARN_64_TO_32_BIT_CONVERSION = YES;
				GCC_WARN_ABOUT_RETURN_TYPE = YES_ERROR;
				GCC_WARN_UNDECLARED_SELECTOR = YES;
				GCC_WARN_UNINITIALIZED_AUTOS = YES_AGGRESSIVE;
				GCC_WARN_UNUSED_FUNCTION = YES;
				GCC_WARN_UNUSED_VARIABLE = YES;
				IPHONEOS_DEPLOYMENT_TARGET = 10.2;
				MTL_ENABLE_DEBUG_INFO = YES;
				ONLY_ACTIVE_ARCH = YES;
				SDKROOT = iphoneos;
				SWIFT_ACTIVE_COMPILATION_CONDITIONS = DEBUG;
				SWIFT_OPTIMIZATION_LEVEL = "-Onone";
			};
			name = Debug;
		};
		E38286321E5EEC8700EFE222 /* Release */ = {
			isa = XCBuildConfiguration;
			buildSettings = {
				ALWAYS_SEARCH_USER_PATHS = NO;
				CLANG_ANALYZER_NONNULL = YES;
				CLANG_CXX_LANGUAGE_STANDARD = "gnu++0x";
				CLANG_CXX_LIBRARY = "libc++";
				CLANG_ENABLE_MODULES = YES;
				CLANG_ENABLE_OBJC_ARC = YES;
				CLANG_WARN_BOOL_CONVERSION = YES;
				CLANG_WARN_CONSTANT_CONVERSION = YES;
				CLANG_WARN_DIRECT_OBJC_ISA_USAGE = YES_ERROR;
				CLANG_WARN_DOCUMENTATION_COMMENTS = YES;
				CLANG_WARN_EMPTY_BODY = YES;
				CLANG_WARN_ENUM_CONVERSION = YES;
				CLANG_WARN_INFINITE_RECURSION = YES;
				CLANG_WARN_INT_CONVERSION = YES;
				CLANG_WARN_OBJC_ROOT_CLASS = YES_ERROR;
				CLANG_WARN_SUSPICIOUS_MOVE = YES;
				CLANG_WARN_UNREACHABLE_CODE = YES;
				CLANG_WARN__DUPLICATE_METHOD_MATCH = YES;
				"CODE_SIGN_IDENTITY[sdk=iphoneos*]" = "iPhone Developer";
				COPY_PHASE_STRIP = NO;
				DEBUG_INFORMATION_FORMAT = "dwarf-with-dsym";
				ENABLE_NS_ASSERTIONS = NO;
				ENABLE_STRICT_OBJC_MSGSEND = YES;
				GCC_C_LANGUAGE_STANDARD = gnu99;
				GCC_NO_COMMON_BLOCKS = YES;
				GCC_WARN_64_TO_32_BIT_CONVERSION = YES;
				GCC_WARN_ABOUT_RETURN_TYPE = YES_ERROR;
				GCC_WARN_UNDECLARED_SELECTOR = YES;
				GCC_WARN_UNINITIALIZED_AUTOS = YES_AGGRESSIVE;
				GCC_WARN_UNUSED_FUNCTION = YES;
				GCC_WARN_UNUSED_VARIABLE = YES;
				IPHONEOS_DEPLOYMENT_TARGET = 10.2;
				MTL_ENABLE_DEBUG_INFO = NO;
				SDKROOT = iphoneos;
				SWIFT_OPTIMIZATION_LEVEL = "-Owholemodule";
				VALIDATE_PRODUCT = YES;
			};
			name = Release;
		};
		E38286341E5EEC8700EFE222 /* Debug */ = {
			isa = XCBuildConfiguration;
			baseConfigurationReference = 9FBBE6C8092E2A2C85C8020E /* Pods-Chatty.debug.xcconfig */;
			buildSettings = {
				ASSETCATALOG_COMPILER_APPICON_NAME = AppIcon;
				INFOPLIST_FILE = Chatty/Info.plist;
				LD_RUNPATH_SEARCH_PATHS = "$(inherited) @executable_path/Frameworks";
				PRODUCT_BUNDLE_IDENTIFIER = com.codepath.Chatty;
				PRODUCT_NAME = "$(TARGET_NAME)";
				SWIFT_VERSION = 3.0;
			};
			name = Debug;
		};
		E38286351E5EEC8700EFE222 /* Release */ = {
			isa = XCBuildConfiguration;
			baseConfigurationReference = A9744CDA06D206D9D9C3A59F /* Pods-Chatty.release.xcconfig */;
			buildSettings = {
				ASSETCATALOG_COMPILER_APPICON_NAME = AppIcon;
				INFOPLIST_FILE = Chatty/Info.plist;
				LD_RUNPATH_SEARCH_PATHS = "$(inherited) @executable_path/Frameworks";
				PRODUCT_BUNDLE_IDENTIFIER = com.codepath.Chatty;
				PRODUCT_NAME = "$(TARGET_NAME)";
				SWIFT_VERSION = 3.0;
			};
			name = Release;
		};
/* End XCBuildConfiguration section */

/* Begin XCConfigurationList section */
		E382861C1E5EEC8700EFE222 /* Build configuration list for PBXProject "Chatty" */ = {
			isa = XCConfigurationList;
			buildConfigurations = (
				E38286311E5EEC8700EFE222 /* Debug */,
				E38286321E5EEC8700EFE222 /* Release */,
			);
			defaultConfigurationIsVisible = 0;
			defaultConfigurationName = Release;
		};
		E38286331E5EEC8700EFE222 /* Build configuration list for PBXNativeTarget "Chatty" */ = {
			isa = XCConfigurationList;
			buildConfigurations = (
				E38286341E5EEC8700EFE222 /* Debug */,
				E38286351E5EEC8700EFE222 /* Release */,
			);
			defaultConfigurationIsVisible = 0;
			defaultConfigurationName = Release;
		};
/* End XCConfigurationList section */
	};
	rootObject = E38286191E5EEC8700EFE222 /* Project object */;
}
